
Microsoft Visual Studio Solution File, Format Version 12.00
# Visual Studio Version 17
VisualStudioVersion = 17.4.33205.214
MinimumVisualStudioVersion = 10.0.40219.1
Project("{FAE04EC0-301F-11D3-BF4B-00C04F79EFBC}") = "Appraisal_System", "Appraisal_System\Appraisal_System.csproj", "{79EBC707-2F90-40E8-BB6E-04C4A05F73B2}"
EndProject
Project("{FAE04EC0-301F-11D3-BF4B-00C04F79EFBC}") = "Appraisal_System.models", "Appraisal_System.models\Appraisal_System.models.csproj", "{947BE30B-FA29-4984-82B3-80FB0E6B0634}"
EndProject
Project("{FAE04EC0-301F-11D3-BF4B-00C04F79EFBC}") = "Appraisal_System.Utility", "Appraisal_System.Library\Appraisal_System.Utility.csproj", "{0D1D17F6-328E-4CE9-8EBA-393A06E0755D}"
EndProject
Global
	GlobalSection(SolutionConfigurationPlatforms) = preSolution
		Debug|Any CPU = Debug|Any CPU
		Release|Any CPU = Release|Any CPU
	EndGlobalSection
	GlobalSection(ProjectConfigurationPlatforms) = postSolution
		{79EBC707-2F90-40E8-BB6E-04C4A05F73B2}.Debug|Any CPU.ActiveCfg = Debug|Any CPU
		{79EBC707-2F90-40E8-BB6E-04C4A05F73B2}.Debug|Any CPU.Build.0 = Debug|Any CPU
		{79EBC707-2F90-40E8-BB6E-04C4A05F73B2}.Release|Any CPU.ActiveCfg = Release|Any CPU
		{79EBC707-2F90-40E8-BB6E-04C4A05F73B2}.Release|Any CPU.Build.0 = Release|Any CPU
		{947BE30B-FA29-4984-82B3-80FB0E6B0634}.Debug|Any CPU.ActiveCfg = Debug|Any CPU
		{947BE30B-FA29-4984-82B3-80FB0E6B0634}.Debug|Any CPU.Build.0 = Debug|Any CPU
		{947BE30B-FA29-4984-82B3-80FB0E6B0634}.Release|Any CPU.ActiveCfg = Release|Any CPU
		{947BE30B-FA29-4984-82B3-80FB0E6B0634}.Release|Any CPU.Build.0 = Release|Any CPU
		{0D1D17F6-328E-4CE9-8EBA-393A06E0755D}.Debug|Any CPU.ActiveCfg = Debug|Any CPU
		{0D1D17F6-328E-4CE9-8EBA-393A06E0755D}.Debug|Any CPU.Build.0 = Debug|Any CPU
		{0D1D17F6-328E-4CE9-8EBA-393A06E0755D}.Release|Any CPU.ActiveCfg = Release|Any CPU
		{0D1D17F6-328E-4CE9-8EBA-393A06E0755D}.Release|Any CPU.Build.0 = Release|Any CPU
	EndGlobalSection
	GlobalSection(SolutionProperties) = preSolution
		HideSolutionNode = FALSE
	EndGlobalSection
	GlobalSection(ExtensibilityGlobals) = postSolution
		SolutionGuid = {C7595987-62A8-4802-9333-7B9291683532}
	EndGlobalSection
EndGlobal
